
Microsoft Visual Studio Solution File, Format Version 11.00
# Visual Studio 2010
Project("{F2A71F9B-5D33-465A-A702-920D77279786}") = "Eulerzzz", "Eulerzzz.fsproj", "{0EBA0700-25AC-4A0C-98F2-17DA02EC293A}"
EndProject
Global
	GlobalSection(SolutionConfigurationPlatforms) = preSolution
		Debug|Any CPU = Debug|Any CPU
		Release|Any CPU = Release|Any CPU
	EndGlobalSection
	GlobalSection(ProjectConfigurationPlatforms) = postSolution
		{0EBA0700-25AC-4A0C-98F2-17DA02EC293A}.Debug|Any CPU.ActiveCfg = Debug|Any CPU
		{0EBA0700-25AC-4A0C-98F2-17DA02EC293A}.Debug|Any CPU.Build.0 = Debug|Any CPU
		{0EBA0700-25AC-4A0C-98F2-17DA02EC293A}.Release|Any CPU.ActiveCfg = Release|Any CPU
		{0EBA0700-25AC-4A0C-98F2-17DA02EC293A}.Release|Any CPU.Build.0 = Release|Any CPU
	EndGlobalSection
	GlobalSection(SolutionProperties) = preSolution
		HideSolutionNode = FALSE
	EndGlobalSection
EndGlobal
